
Microsoft Visual Studio Solution File, Format Version 12.00
# Visual Studio Version 17
VisualStudioVersion = 17.8.34525.116
MinimumVisualStudioVersion = 10.0.40219.1
Project("{FAE04EC0-301F-11D3-BF4B-00C04F79EFBC}") = "DaysOfTheWeekBodirsky", "DaysOfTheWeekBodirsky.csproj", "{6831AB3F-252F-49B9-8E32-1C09CD5CD466}"
EndProject
Global
	GlobalSection(SolutionConfigurationPlatforms) = preSolution
		Debug|Any CPU = Debug|Any CPU
		Release|Any CPU = Release|Any CPU
	EndGlobalSection
	GlobalSection(ProjectConfigurationPlatforms) = postSolution
		{6831AB3F-252F-49B9-8E32-1C09CD5CD466}.Debug|Any CPU.ActiveCfg = Debug|Any CPU
		{6831AB3F-252F-49B9-8E32-1C09CD5CD466}.Debug|Any CPU.Build.0 = Debug|Any CPU
		{6831AB3F-252F-49B9-8E32-1C09CD5CD466}.Release|Any CPU.ActiveCfg = Release|Any CPU
		{6831AB3F-252F-49B9-8E32-1C09CD5CD466}.Release|Any CPU.Build.0 = Release|Any CPU
	EndGlobalSection
	GlobalSection(SolutionProperties) = preSolution
		HideSolutionNode = FALSE
	EndGlobalSection
	GlobalSection(ExtensibilityGlobals) = postSolution
		SolutionGuid = {7886DE61-CFC1-4A37-8F7B-7422E5434B20}
	EndGlobalSection
EndGlobal
