
Microsoft Visual Studio Solution File, Format Version 12.00
# Visual Studio Version 17
VisualStudioVersion = 17.8.34525.116
MinimumVisualStudioVersion = 10.0.40219.1
Project("{FAE04EC0-301F-11D3-BF4B-00C04F79EFBC}") = "StudentStructure", "StudentStructure.csproj", "{96ABA22A-7D79-451F-AAA0-23F85322618A}"
EndProject
Global
	GlobalSection(SolutionConfigurationPlatforms) = preSolution
		Debug|Any CPU = Debug|Any CPU
		Release|Any CPU = Release|Any CPU
	EndGlobalSection
	GlobalSection(ProjectConfigurationPlatforms) = postSolution
		{96ABA22A-7D79-451F-AAA0-23F85322618A}.Debug|Any CPU.ActiveCfg = Debug|Any CPU
		{96ABA22A-7D79-451F-AAA0-23F85322618A}.Debug|Any CPU.Build.0 = Debug|Any CPU
		{96ABA22A-7D79-451F-AAA0-23F85322618A}.Release|Any CPU.ActiveCfg = Release|Any CPU
		{96ABA22A-7D79-451F-AAA0-23F85322618A}.Release|Any CPU.Build.0 = Release|Any CPU
	EndGlobalSection
	GlobalSection(SolutionProperties) = preSolution
		HideSolutionNode = FALSE
	EndGlobalSection
	GlobalSection(ExtensibilityGlobals) = postSolution
		SolutionGuid = {EB318927-4E76-4E71-BB67-A6FB9D0047F1}
	EndGlobalSection
EndGlobal
