
Microsoft Visual Studio Solution File, Format Version 12.00
# Visual Studio Version 17
VisualStudioVersion = 17.8.34525.116
MinimumVisualStudioVersion = 10.0.40219.1
Project("{9A19103F-16F7-4668-BE54-9A1E7A4F7556}") = "BodirskyMedalWinner", "BodirskyMedalWinner.csproj", "{DED4156B-4C48-4A8A-BA7A-B313FAC12703}"
EndProject
Project("{9A19103F-16F7-4668-BE54-9A1E7A4F7556}") = "UnitTests", "..\M3T5 MedalWinnerUnitTests\UnitTests.csproj", "{F708975D-947C-44A8-934B-7D251A832E2D}"
EndProject
Global
	GlobalSection(SolutionConfigurationPlatforms) = preSolution
		Debug|Any CPU = Debug|Any CPU
		Release|Any CPU = Release|Any CPU
	EndGlobalSection
	GlobalSection(ProjectConfigurationPlatforms) = postSolution
		{DED4156B-4C48-4A8A-BA7A-B313FAC12703}.Debug|Any CPU.ActiveCfg = Debug|Any CPU
		{DED4156B-4C48-4A8A-BA7A-B313FAC12703}.Debug|Any CPU.Build.0 = Debug|Any CPU
		{DED4156B-4C48-4A8A-BA7A-B313FAC12703}.Release|Any CPU.ActiveCfg = Release|Any CPU
		{DED4156B-4C48-4A8A-BA7A-B313FAC12703}.Release|Any CPU.Build.0 = Release|Any CPU
		{F708975D-947C-44A8-934B-7D251A832E2D}.Debug|Any CPU.ActiveCfg = Debug|Any CPU
		{F708975D-947C-44A8-934B-7D251A832E2D}.Debug|Any CPU.Build.0 = Debug|Any CPU
		{F708975D-947C-44A8-934B-7D251A832E2D}.Release|Any CPU.ActiveCfg = Release|Any CPU
		{F708975D-947C-44A8-934B-7D251A832E2D}.Release|Any CPU.Build.0 = Release|Any CPU
	EndGlobalSection
	GlobalSection(SolutionProperties) = preSolution
		HideSolutionNode = FALSE
	EndGlobalSection
	GlobalSection(ExtensibilityGlobals) = postSolution
		SolutionGuid = {808B4451-AD49-4F6F-A63C-336FC1F6E666}
	EndGlobalSection
EndGlobal
