
Microsoft Visual Studio Solution File, Format Version 12.00
# Visual Studio Version 17
VisualStudioVersion = 17.8.34525.116
MinimumVisualStudioVersion = 10.0.40219.1
Project("{FAE04EC0-301F-11D3-BF4B-00C04F79EFBC}") = "Hello World Debug", "Hello World Debug.csproj", "{A779BD82-4077-405B-B870-C355A0C0E444}"
EndProject
Global
	GlobalSection(SolutionConfigurationPlatforms) = preSolution
		Debug|Any CPU = Debug|Any CPU
		Release|Any CPU = Release|Any CPU
	EndGlobalSection
	GlobalSection(ProjectConfigurationPlatforms) = postSolution
		{A779BD82-4077-405B-B870-C355A0C0E444}.Debug|Any CPU.ActiveCfg = Debug|Any CPU
		{A779BD82-4077-405B-B870-C355A0C0E444}.Debug|Any CPU.Build.0 = Debug|Any CPU
		{A779BD82-4077-405B-B870-C355A0C0E444}.Release|Any CPU.ActiveCfg = Release|Any CPU
		{A779BD82-4077-405B-B870-C355A0C0E444}.Release|Any CPU.Build.0 = Release|Any CPU
	EndGlobalSection
	GlobalSection(SolutionProperties) = preSolution
		HideSolutionNode = FALSE
	EndGlobalSection
	GlobalSection(ExtensibilityGlobals) = postSolution
		SolutionGuid = {1B660BBC-DAFB-4532-BA0D-7DC9B12A2833}
	EndGlobalSection
EndGlobal
