
Microsoft Visual Studio Solution File, Format Version 12.00
# Visual Studio Version 17
VisualStudioVersion = 17.8.34525.116
MinimumVisualStudioVersion = 10.0.40219.1
Project("{FAE04EC0-301F-11D3-BF4B-00C04F79EFBC}") = "DoWhileBodirsky", "DoWhileBodirsky.csproj", "{7EDF8587-8811-4F5E-A974-F73E385A3827}"
EndProject
Global
	GlobalSection(SolutionConfigurationPlatforms) = preSolution
		Debug|Any CPU = Debug|Any CPU
		Release|Any CPU = Release|Any CPU
	EndGlobalSection
	GlobalSection(ProjectConfigurationPlatforms) = postSolution
		{7EDF8587-8811-4F5E-A974-F73E385A3827}.Debug|Any CPU.ActiveCfg = Debug|Any CPU
		{7EDF8587-8811-4F5E-A974-F73E385A3827}.Debug|Any CPU.Build.0 = Debug|Any CPU
		{7EDF8587-8811-4F5E-A974-F73E385A3827}.Release|Any CPU.ActiveCfg = Release|Any CPU
		{7EDF8587-8811-4F5E-A974-F73E385A3827}.Release|Any CPU.Build.0 = Release|Any CPU
	EndGlobalSection
	GlobalSection(SolutionProperties) = preSolution
		HideSolutionNode = FALSE
	EndGlobalSection
	GlobalSection(ExtensibilityGlobals) = postSolution
		SolutionGuid = {493B6223-DA36-4F8D-869A-62AE8EA3FA8C}
	EndGlobalSection
EndGlobal
